
Microsoft Visual Studio Solution File, Format Version 12.00
# Visual Studio Version 17
VisualStudioVersion = 17.2.32616.157
MinimumVisualStudioVersion = 10.0.40219.1
Project("{FAE04EC0-301F-11D3-BF4B-00C04F79EFBC}") = "task3", "task3\task3.csproj", "{B3BAC0E6-2608-489C-9223-E9EFA344091A}"
EndProject
Global
	GlobalSection(SolutionConfigurationPlatforms) = preSolution
		Debug|Any CPU = Debug|Any CPU
		Release|Any CPU = Release|Any CPU
	EndGlobalSection
	GlobalSection(ProjectConfigurationPlatforms) = postSolution
		{B3BAC0E6-2608-489C-9223-E9EFA344091A}.Debug|Any CPU.ActiveCfg = Debug|Any CPU
		{B3BAC0E6-2608-489C-9223-E9EFA344091A}.Debug|Any CPU.Build.0 = Debug|Any CPU
		{B3BAC0E6-2608-489C-9223-E9EFA344091A}.Release|Any CPU.ActiveCfg = Release|Any CPU
		{B3BAC0E6-2608-489C-9223-E9EFA344091A}.Release|Any CPU.Build.0 = Release|Any CPU
	EndGlobalSection
	GlobalSection(SolutionProperties) = preSolution
		HideSolutionNode = FALSE
	EndGlobalSection
	GlobalSection(ExtensibilityGlobals) = postSolution
		SolutionGuid = {A7799185-54F9-4A55-A28E-BC39D1CD4085}
	EndGlobalSection
EndGlobal
